
Microsoft Visual Studio Solution File, Format Version 12.00
# Visual Studio 15
Project("{FAE04EC0-301F-11D3-BF4B-00C04F79EFBC}") = "Assembly-CSharp", "Assembly-CSharp.csproj", "{CAEDFB95-B863-D0D8-28D3-3A2EAEA3ED88}"
EndProject
Project("{FAE04EC0-301F-11D3-BF4B-00C04F79EFBC}") = "Assembly-CSharp-Editor", "Assembly-CSharp-Editor.csproj", "{901635AB-A6DA-9F64-27FA-F5510D0DB4EB}"
EndProject
Global
	GlobalSection(SolutionConfigurationPlatforms) = preSolution
		Debug|Any CPU = Debug|Any CPU
		Release|Any CPU = Release|Any CPU
	EndGlobalSection
	GlobalSection(ProjectConfigurationPlatforms) = postSolution
		{CAEDFB95-B863-D0D8-28D3-3A2EAEA3ED88}.Debug|Any CPU.ActiveCfg = Debug|Any CPU
		{CAEDFB95-B863-D0D8-28D3-3A2EAEA3ED88}.Debug|Any CPU.Build.0 = Debug|Any CPU
		{CAEDFB95-B863-D0D8-28D3-3A2EAEA3ED88}.Release|Any CPU.ActiveCfg = Release|Any CPU
		{CAEDFB95-B863-D0D8-28D3-3A2EAEA3ED88}.Release|Any CPU.Build.0 = Release|Any CPU
		{901635AB-A6DA-9F64-27FA-F5510D0DB4EB}.Debug|Any CPU.ActiveCfg = Debug|Any CPU
		{901635AB-A6DA-9F64-27FA-F5510D0DB4EB}.Debug|Any CPU.Build.0 = Debug|Any CPU
		{901635AB-A6DA-9F64-27FA-F5510D0DB4EB}.Release|Any CPU.ActiveCfg = Release|Any CPU
		{901635AB-A6DA-9F64-27FA-F5510D0DB4EB}.Release|Any CPU.Build.0 = Release|Any CPU
	EndGlobalSection
	GlobalSection(SolutionProperties) = preSolution
		HideSolutionNode = FALSE
	EndGlobalSection
EndGlobal
